// !$*UTF8*$!
{
	archiveVersion = 1;
	classes = {
	};
	objectVersion = 51;
	objects = {

/* Begin PBXBuildFile section */
		3F59A42F255FDB210099D3E5 /* AppDelegate.swift in Sources */ = {isa = PBXBuildFile; fileRef = 3F59A42E255FDB210099D3E5 /* AppDelegate.swift */; };
		3F59A436255FDB210099D3E5 /* Main.storyboard in Resources */ = {isa = PBXBuildFile; fileRef = 3F59A434255FDB210099D3E5 /* Main.storyboard */; };
		3F59A438255FDB260099D3E5 /* Assets.xcassets in Resources */ = {isa = PBXBuildFile; fileRef = 3F59A437255FDB260099D3E5 /* Assets.xcassets */; };
		3F59A43B255FDB260099D3E5 /* LaunchScreen.storyboard in Resources */ = {isa = PBXBuildFile; fileRef = 3F59A439255FDB260099D3E5 /* LaunchScreen.storyboard */; };
		3F59A446255FDB260099D3E5 /* MapsAppTests.swift in Sources */ = {isa = PBXBuildFile; fileRef = 3F59A445255FDB260099D3E5 /* MapsAppTests.swift */; };
		3F59A451255FDB260099D3E5 /* MapsAppUITests.swift in Sources */ = {isa = PBXBuildFile; fileRef = 3F59A450255FDB260099D3E5 /* MapsAppUITests.swift */; };
		3F7C182F2562861600B778FC /* GMSMapView+Extension.swift in Sources */ = {isa = PBXBuildFile; fileRef = 3F7C182E2562861600B778FC /* GMSMapView+Extension.swift */; };
		3F840F03255FDDA600F0557B /* MapViewController.swift in Sources */ = {isa = PBXBuildFile; fileRef = 3F840F02255FDDA600F0557B /* MapViewController.swift */; };
		3FF744C425601B6300F8B7B1 /* MapClusterIconGenerator.swift in Sources */ = {isa = PBXBuildFile; fileRef = 3FF744C325601B6300F8B7B1 /* MapClusterIconGenerator.swift */; };
		3FF744CC25611C1F00F8B7B1 /* UIView+Extension.swift in Sources */ = {isa = PBXBuildFile; fileRef = 3FF744CB25611C1F00F8B7B1 /* UIView+Extension.swift */; };
		3FF744D425611CE400F8B7B1 /* CustomMarker.swift in Sources */ = {isa = PBXBuildFile; fileRef = 3FF744D325611CE400F8B7B1 /* CustomMarker.swift */; };
		3FF744DC25611F9800F8B7B1 /* Multidelegat.swift in Sources */ = {isa = PBXBuildFile; fileRef = 3FF744DB25611F9800F8B7B1 /* Multidelegat.swift */; };
		97E842F6FB154DA7DBD79DA0 /* Pods_MapsAppTests.framework in Frameworks */ = {isa = PBXBuildFile; fileRef = 43EE66DFDE6131229DDBD248 /* Pods_MapsAppTests.framework */; };
		DD0AA65138D96B2870F26830 /* Pods_MapsApp_MapsAppUITests.framework in Frameworks */ = {isa = PBXBuildFile; fileRef = FD5DE1987B3998E5748E159D /* Pods_MapsApp_MapsAppUITests.framework */; };
		FB7E7A327C0A0AB5A24A6C51 /* Pods_MapsApp.framework in Frameworks */ = {isa = PBXBuildFile; fileRef = 1CA87F57846849F94E515F41 /* Pods_MapsApp.framework */; };
/* End PBXBuildFile section */

/* Begin PBXContainerItemProxy section */
		3F59A442255FDB260099D3E5 /* PBXContainerItemProxy */ = {
			isa = PBXContainerItemProxy;
			containerPortal = 3F59A423255FDB210099D3E5 /* Project object */;
			proxyType = 1;
			remoteGlobalIDString = 3F59A42A255FDB210099D3E5;
			remoteInfo = MapsApp;
		};
		3F59A44D255FDB260099D3E5 /* PBXContainerItemProxy */ = {
			isa = PBXContainerItemProxy;
			containerPortal = 3F59A423255FDB210099D3E5 /* Project object */;
			proxyType = 1;
			remoteGlobalIDString = 3F59A42A255FDB210099D3E5;
			remoteInfo = MapsApp;
		};
/* End PBXContainerItemProxy section */

/* Begin PBXFileReference section */
		1CA87F57846849F94E515F41 /* Pods_MapsApp.framework */ = {isa = PBXFileReference; explicitFileType = wrapper.framework; includeInIndex = 0; path = Pods_MapsApp.framework; sourceTree = BUILT_PRODUCTS_DIR; };
		3F59A42B255FDB210099D3E5 /* MapsApp.app */ = {isa = PBXFileReference; explicitFileType = wrapper.application; includeInIndex = 0; path = MapsApp.app; sourceTree = BUILT_PRODUCTS_DIR; };
		3F59A42E255FDB210099D3E5 /* AppDelegate.swift */ = {isa = PBXFileReference; lastKnownFileType = sourcecode.swift; path = AppDelegate.swift; sourceTree = "<group>"; };
		3F59A435255FDB210099D3E5 /* Base */ = {isa = PBXFileReference; lastKnownFileType = file.storyboard; name = Base; path = Base.lproj/Main.storyboard; sourceTree = "<group>"; };
		3F59A437255FDB260099D3E5 /* Assets.xcassets */ = {isa = PBXFileReference; lastKnownFileType = folder.assetcatalog; path = Assets.xcassets; sourceTree = "<group>"; };
		3F59A43A255FDB260099D3E5 /* Base */ = {isa = PBXFileReference; lastKnownFileType = file.storyboard; name = Base; path = Base.lproj/LaunchScreen.storyboard; sourceTree = "<group>"; };
		3F59A43C255FDB260099D3E5 /* Info.plist */ = {isa = PBXFileReference; lastKnownFileType = text.plist.xml; path = Info.plist; sourceTree = "<group>"; };
		3F59A441255FDB260099D3E5 /* MapsAppTests.xctest */ = {isa = PBXFileReference; explicitFileType = wrapper.cfbundle; includeInIndex = 0; path = MapsAppTests.xctest; sourceTree = BUILT_PRODUCTS_DIR; };
		3F59A445255FDB260099D3E5 /* MapsAppTests.swift */ = {isa = PBXFileReference; lastKnownFileType = sourcecode.swift; path = MapsAppTests.swift; sourceTree = "<group>"; };
		3F59A447255FDB260099D3E5 /* Info.plist */ = {isa = PBXFileReference; lastKnownFileType = text.plist.xml; path = Info.plist; sourceTree = "<group>"; };
		3F59A44C255FDB260099D3E5 /* MapsAppUITests.xctest */ = {isa = PBXFileReference; explicitFileType = wrapper.cfbundle; includeInIndex = 0; path = MapsAppUITests.xctest; sourceTree = BUILT_PRODUCTS_DIR; };
		3F59A450255FDB260099D3E5 /* MapsAppUITests.swift */ = {isa = PBXFileReference; lastKnownFileType = sourcecode.swift; path = MapsAppUITests.swift; sourceTree = "<group>"; };
		3F59A452255FDB260099D3E5 /* Info.plist */ = {isa = PBXFileReference; lastKnownFileType = text.plist.xml; path = Info.plist; sourceTree = "<group>"; };
		3F7C182E2562861600B778FC /* GMSMapView+Extension.swift */ = {isa = PBXFileReference; lastKnownFileType = sourcecode.swift; path = "GMSMapView+Extension.swift"; sourceTree = "<group>"; };
		3F840F02255FDDA600F0557B /* MapViewController.swift */ = {isa = PBXFileReference; lastKnownFileType = sourcecode.swift; path = MapViewController.swift; sourceTree = "<group>"; };
		3FF744C325601B6300F8B7B1 /* MapClusterIconGenerator.swift */ = {isa = PBXFileReference; lastKnownFileType = sourcecode.swift; path = MapClusterIconGenerator.swift; sourceTree = "<group>"; };
		3FF744CB25611C1F00F8B7B1 /* UIView+Extension.swift */ = {isa = PBXFileReference; lastKnownFileType = sourcecode.swift; path = "UIView+Extension.swift"; sourceTree = "<group>"; };
		3FF744D325611CE400F8B7B1 /* CustomMarker.swift */ = {isa = PBXFileReference; lastKnownFileType = sourcecode.swift; path = CustomMarker.swift; sourceTree = "<group>"; };
		3FF744DB25611F9800F8B7B1 /* Multidelegat.swift */ = {isa = PBXFileReference; lastKnownFileType = sourcecode.swift; path = Multidelegat.swift; sourceTree = "<group>"; };
		43EE66DFDE6131229DDBD248 /* Pods_MapsAppTests.framework */ = {isa = PBXFileReference; explicitFileType = wrapper.framework; includeInIndex = 0; path = Pods_MapsAppTests.framework; sourceTree = BUILT_PRODUCTS_DIR; };
		5779FBFED34F2842CD1A2F41 /* Pods-MapsAppTests.release.xcconfig */ = {isa = PBXFileReference; includeInIndex = 1; lastKnownFileType = text.xcconfig; name = "Pods-MapsAppTests.release.xcconfig"; path = "Target Support Files/Pods-MapsAppTests/Pods-MapsAppTests.release.xcconfig"; sourceTree = "<group>"; };
		7C411F51E516BA8F258F0A46 /* Pods-MapsApp-MapsAppUITests.debug.xcconfig */ = {isa = PBXFileReference; includeInIndex = 1; lastKnownFileType = text.xcconfig; name = "Pods-MapsApp-MapsAppUITests.debug.xcconfig"; path = "Target Support Files/Pods-MapsApp-MapsAppUITests/Pods-MapsApp-MapsAppUITests.debug.xcconfig"; sourceTree = "<group>"; };
		81B4179A8C8EF77EAC15852C /* Pods-MapsApp-MapsAppUITests.release.xcconfig */ = {isa = PBXFileReference; includeInIndex = 1; lastKnownFileType = text.xcconfig; name = "Pods-MapsApp-MapsAppUITests.release.xcconfig"; path = "Target Support Files/Pods-MapsApp-MapsAppUITests/Pods-MapsApp-MapsAppUITests.release.xcconfig"; sourceTree = "<group>"; };
		835F8DE641140BAF29BA0608 /* Pods-MapsApp.release.xcconfig */ = {isa = PBXFileReference; includeInIndex = 1; lastKnownFileType = text.xcconfig; name = "Pods-MapsApp.release.xcconfig"; path = "Target Support Files/Pods-MapsApp/Pods-MapsApp.release.xcconfig"; sourceTree = "<group>"; };
		D37FF4D8DD46349066ECEAB1 /* Pods-MapsAppTests.debug.xcconfig */ = {isa = PBXFileReference; includeInIndex = 1; lastKnownFileType = text.xcconfig; name = "Pods-MapsAppTests.debug.xcconfig"; path = "Target Support Files/Pods-MapsAppTests/Pods-MapsAppTests.debug.xcconfig"; sourceTree = "<group>"; };
		ED50452DCDA2349F1FF6F7D6 /* Pods-MapsApp.debug.xcconfig */ = {isa = PBXFileReference; includeInIndex = 1; lastKnownFileType = text.xcconfig; name = "Pods-MapsApp.debug.xcconfig"; path = "Target Support Files/Pods-MapsApp/Pods-MapsApp.debug.xcconfig"; sourceTree = "<group>"; };
		FD5DE1987B3998E5748E159D /* Pods_MapsApp_MapsAppUITests.framework */ = {isa = PBXFileReference; explicitFileType = wrapper.framework; includeInIndex = 0; path = Pods_MapsApp_MapsAppUITests.framework; sourceTree = BUILT_PRODUCTS_DIR; };
/* End PBXFileReference section */

/* Begin PBXFrameworksBuildPhase section */
		3F59A428255FDB210099D3E5 /* Frameworks */ = {
			isa = PBXFrameworksBuildPhase;
			buildActionMask = 2147483647;
			files = (
				FB7E7A327C0A0AB5A24A6C51 /* Pods_MapsApp.framework in Frameworks */,
			);
			runOnlyForDeploymentPostprocessing = 0;
		};
		3F59A43E255FDB260099D3E5 /* Frameworks */ = {
			isa = PBXFrameworksBuildPhase;
			buildActionMask = 2147483647;
			files = (
				97E842F6FB154DA7DBD79DA0 /* Pods_MapsAppTests.framework in Frameworks */,
			);
			runOnlyForDeploymentPostprocessing = 0;
		};
		3F59A449255FDB260099D3E5 /* Frameworks */ = {
			isa = PBXFrameworksBuildPhase;
			buildActionMask = 2147483647;
			files = (
				DD0AA65138D96B2870F26830 /* Pods_MapsApp_MapsAppUITests.framework in Frameworks */,
			);
			runOnlyForDeploymentPostprocessing = 0;
		};
/* End PBXFrameworksBuildPhase section */

/* Begin PBXGroup section */
		0C86AFB4E61D50975839A6BA /* Pods */ = {
			isa = PBXGroup;
			children = (
				ED50452DCDA2349F1FF6F7D6 /* Pods-MapsApp.debug.xcconfig */,
				835F8DE641140BAF29BA0608 /* Pods-MapsApp.release.xcconfig */,
				7C411F51E516BA8F258F0A46 /* Pods-MapsApp-MapsAppUITests.debug.xcconfig */,
				81B4179A8C8EF77EAC15852C /* Pods-MapsApp-MapsAppUITests.release.xcconfig */,
				D37FF4D8DD46349066ECEAB1 /* Pods-MapsAppTests.debug.xcconfig */,
				5779FBFED34F2842CD1A2F41 /* Pods-MapsAppTests.release.xcconfig */,
			);
			path = Pods;
			sourceTree = "<group>";
		};
		3F59A422255FDB210099D3E5 = {
			isa = PBXGroup;
			children = (
				3F59A42D255FDB210099D3E5 /* MapsApp */,
				3F59A444255FDB260099D3E5 /* MapsAppTests */,
				3F59A44F255FDB260099D3E5 /* MapsAppUITests */,
				3F59A42C255FDB210099D3E5 /* Products */,
				0C86AFB4E61D50975839A6BA /* Pods */,
				A8845FE20BBF4FF9B5AE8099 /* Frameworks */,
			);
			sourceTree = "<group>";
		};
		3F59A42C255FDB210099D3E5 /* Products */ = {
			isa = PBXGroup;
			children = (
				3F59A42B255FDB210099D3E5 /* MapsApp.app */,
				3F59A441255FDB260099D3E5 /* MapsAppTests.xctest */,
				3F59A44C255FDB260099D3E5 /* MapsAppUITests.xctest */,
			);
			name = Products;
			sourceTree = "<group>";
		};
		3F59A42D255FDB210099D3E5 /* MapsApp */ = {
			isa = PBXGroup;
			children = (
				3F59A42E255FDB210099D3E5 /* AppDelegate.swift */,
				3FF744F125613E7900F8B7B1 /* ViewControllers */,
				3FF744F025613E6700F8B7B1 /* CustomClasses */,
				3FF744EE25613E4D00F8B7B1 /* Extensions */,
				3FF744EF25613E5900F8B7B1 /* Services */,
				3F59A434255FDB210099D3E5 /* Main.storyboard */,
				3F59A437255FDB260099D3E5 /* Assets.xcassets */,
				3F59A439255FDB260099D3E5 /* LaunchScreen.storyboard */,
				3F59A43C255FDB260099D3E5 /* Info.plist */,
			);
			path = MapsApp;
			sourceTree = "<group>";
		};
		3F59A444255FDB260099D3E5 /* MapsAppTests */ = {
			isa = PBXGroup;
			children = (
				3F59A445255FDB260099D3E5 /* MapsAppTests.swift */,
				3F59A447255FDB260099D3E5 /* Info.plist */,
			);
			path = MapsAppTests;
			sourceTree = "<group>";
		};
		3F59A44F255FDB260099D3E5 /* MapsAppUITests */ = {
			isa = PBXGroup;
			children = (
				3F59A450255FDB260099D3E5 /* MapsAppUITests.swift */,
				3F59A452255FDB260099D3E5 /* Info.plist */,
			);
			path = MapsAppUITests;
			sourceTree = "<group>";
		};
		3FF744EE25613E4D00F8B7B1 /* Extensions */ = {
			isa = PBXGroup;
			children = (
				3FF744CB25611C1F00F8B7B1 /* UIView+Extension.swift */,
				3F7C182E2562861600B778FC /* GMSMapView+Extension.swift */,
			);
			path = Extensions;
			sourceTree = "<group>";
		};
		3FF744EF25613E5900F8B7B1 /* Services */ = {
			isa = PBXGroup;
			children = (
				3FF744DB25611F9800F8B7B1 /* Multidelegat.swift */,
			);
			path = Services;
			sourceTree = "<group>";
		};
		3FF744F025613E6700F8B7B1 /* CustomClasses */ = {
			isa = PBXGroup;
			children = (
				3FF744D325611CE400F8B7B1 /* CustomMarker.swift */,
				3FF744C325601B6300F8B7B1 /* MapClusterIconGenerator.swift */,
			);
			path = CustomClasses;
			sourceTree = "<group>";
		};
		3FF744F125613E7900F8B7B1 /* ViewControllers */ = {
			isa = PBXGroup;
			children = (
				3F840F02255FDDA600F0557B /* MapViewController.swift */,
			);
			path = ViewControllers;
			sourceTree = "<group>";
		};
		A8845FE20BBF4FF9B5AE8099 /* Frameworks */ = {
			isa = PBXGroup;
			children = (
				1CA87F57846849F94E515F41 /* Pods_MapsApp.framework */,
				FD5DE1987B3998E5748E159D /* Pods_MapsApp_MapsAppUITests.framework */,
				43EE66DFDE6131229DDBD248 /* Pods_MapsAppTests.framework */,
			);
			name = Frameworks;
			sourceTree = "<group>";
		};
/* End PBXGroup section */

/* Begin PBXNativeTarget section */
		3F59A42A255FDB210099D3E5 /* MapsApp */ = {
			isa = PBXNativeTarget;
			buildConfigurationList = 3F59A455255FDB260099D3E5 /* Build configuration list for PBXNativeTarget "MapsApp" */;
			buildPhases = (
				4B67EABE5E402A9999A7D52D /* [CP] Check Pods Manifest.lock */,
				3F59A427255FDB210099D3E5 /* Sources */,
				3F59A428255FDB210099D3E5 /* Frameworks */,
				3F59A429255FDB210099D3E5 /* Resources */,
				55B18C97944854C4C69746BE /* [CP] Copy Pods Resources */,
				E9AA95E15FF6F890FB1A9F86 /* [CP] Embed Pods Frameworks */,
			);
			buildRules = (
			);
			dependencies = (
			);
			name = MapsApp;
			productName = MapsApp;
			productReference = 3F59A42B255FDB210099D3E5 /* MapsApp.app */;
			productType = "com.apple.product-type.application";
		};
		3F59A440255FDB260099D3E5 /* MapsAppTests */ = {
			isa = PBXNativeTarget;
			buildConfigurationList = 3F59A458255FDB260099D3E5 /* Build configuration list for PBXNativeTarget "MapsAppTests" */;
			buildPhases = (
				67E6A55CDB550774E02BD917 /* [CP] Check Pods Manifest.lock */,
				3F59A43D255FDB260099D3E5 /* Sources */,
				3F59A43E255FDB260099D3E5 /* Frameworks */,
				3F59A43F255FDB260099D3E5 /* Resources */,
			);
			buildRules = (
			);
			dependencies = (
				3F59A443255FDB260099D3E5 /* PBXTargetDependency */,
			);
			name = MapsAppTests;
			productName = MapsAppTests;
			productReference = 3F59A441255FDB260099D3E5 /* MapsAppTests.xctest */;
			productType = "com.apple.product-type.bundle.unit-test";
		};
		3F59A44B255FDB260099D3E5 /* MapsAppUITests */ = {
			isa = PBXNativeTarget;
			buildConfigurationList = 3F59A45B255FDB260099D3E5 /* Build configuration list for PBXNativeTarget "MapsAppUITests" */;
			buildPhases = (
				A4155BF4C73810B54C555D2A /* [CP] Check Pods Manifest.lock */,
				3F59A448255FDB260099D3E5 /* Sources */,
				3F59A449255FDB260099D3E5 /* Frameworks */,
				3F59A44A255FDB260099D3E5 /* Resources */,
				D9FEB57721313772C7CA5C70 /* [CP] Copy Pods Resources */,
				3AD3D7F7BC855BED9845CA79 /* [CP] Embed Pods Frameworks */,
			);
			buildRules = (
			);
			dependencies = (
				3F59A44E255FDB260099D3E5 /* PBXTargetDependency */,
			);
			name = MapsAppUITests;
			productName = MapsAppUITests;
			productReference = 3F59A44C255FDB260099D3E5 /* MapsAppUITests.xctest */;
			productType = "com.apple.product-type.bundle.ui-testing";
		};
/* End PBXNativeTarget section */

/* Begin PBXProject section */
		3F59A423255FDB210099D3E5 /* Project object */ = {
			isa = PBXProject;
			attributes = {
				LastSwiftUpdateCheck = 1210;
				LastUpgradeCheck = 1210;
				TargetAttributes = {
					3F59A42A255FDB210099D3E5 = {
						CreatedOnToolsVersion = 12.1;
					};
					3F59A440255FDB260099D3E5 = {
						CreatedOnToolsVersion = 12.1;
						TestTargetID = 3F59A42A255FDB210099D3E5;
					};
					3F59A44B255FDB260099D3E5 = {
						CreatedOnToolsVersion = 12.1;
						TestTargetID = 3F59A42A255FDB210099D3E5;
					};
				};
			};
			buildConfigurationList = 3F59A426255FDB210099D3E5 /* Build configuration list for PBXProject "MapsApp" */;
			compatibilityVersion = "Xcode 9.3";
			developmentRegion = en;
			hasScannedForEncodings = 0;
			knownRegions = (
				en,
				Base,
			);
			mainGroup = 3F59A422255FDB210099D3E5;
			productRefGroup = 3F59A42C255FDB210099D3E5 /* Products */;
			projectDirPath = "";
			projectRoot = "";
			targets = (
				3F59A42A255FDB210099D3E5 /* MapsApp */,
				3F59A440255FDB260099D3E5 /* MapsAppTests */,
				3F59A44B255FDB260099D3E5 /* MapsAppUITests */,
			);
		};
/* End PBXProject section */

/* Begin PBXResourcesBuildPhase section */
		3F59A429255FDB210099D3E5 /* Resources */ = {
			isa = PBXResourcesBuildPhase;
			buildActionMask = 2147483647;
			files = (
				3F59A43B255FDB260099D3E5 /* LaunchScreen.storyboard in Resources */,
				3F59A438255FDB260099D3E5 /* Assets.xcassets in Resources */,
				3F59A436255FDB210099D3E5 /* Main.storyboard in Resources */,
			);
			runOnlyForDeploymentPostprocessing = 0;
		};
		3F59A43F255FDB260099D3E5 /* Resources */ = {
			isa = PBXResourcesBuildPhase;
			buildActionMask = 2147483647;
			files = (
			);
			runOnlyForDeploymentPostprocessing = 0;
		};
		3F59A44A255FDB260099D3E5 /* Resources */ = {
			isa = PBXResourcesBuildPhase;
			buildActionMask = 2147483647;
			files = (
			);
			runOnlyForDeploymentPostprocessing = 0;
		};
/* End PBXResourcesBuildPhase section */

/* Begin PBXShellScriptBuildPhase section */
		3AD3D7F7BC855BED9845CA79 /* [CP] Embed Pods Frameworks */ = {
			isa = PBXShellScriptBuildPhase;
			buildActionMask = 2147483647;
			files = (
			);
			inputFileListPaths = (
				"${PODS_ROOT}/Target Support Files/Pods-MapsApp-MapsAppUITests/Pods-MapsApp-MapsAppUITests-frameworks-${CONFIGURATION}-input-files.xcfilelist",
			);
			name = "[CP] Embed Pods Frameworks";
			outputFileListPaths = (
				"${PODS_ROOT}/Target Support Files/Pods-MapsApp-MapsAppUITests/Pods-MapsApp-MapsAppUITests-frameworks-${CONFIGURATION}-output-files.xcfilelist",
			);
			runOnlyForDeploymentPostprocessing = 0;
			shellPath = /bin/sh;
			shellScript = "\"${PODS_ROOT}/Target Support Files/Pods-MapsApp-MapsAppUITests/Pods-MapsApp-MapsAppUITests-frameworks.sh\"\n";
			showEnvVarsInLog = 0;
		};
		4B67EABE5E402A9999A7D52D /* [CP] Check Pods Manifest.lock */ = {
			isa = PBXShellScriptBuildPhase;
			buildActionMask = 2147483647;
			files = (
			);
			inputFileListPaths = (
			);
			inputPaths = (
				"${PODS_PODFILE_DIR_PATH}/Podfile.lock",
				"${PODS_ROOT}/Manifest.lock",
			);
			name = "[CP] Check Pods Manifest.lock";
			outputFileListPaths = (
			);
			outputPaths = (
				"$(DERIVED_FILE_DIR)/Pods-MapsApp-checkManifestLockResult.txt",
			);
			runOnlyForDeploymentPostprocessing = 0;
			shellPath = /bin/sh;
			shellScript = "diff \"${PODS_PODFILE_DIR_PATH}/Podfile.lock\" \"${PODS_ROOT}/Manifest.lock\" > /dev/null\nif [ $? != 0 ] ; then\n    # print error to STDERR\n    echo \"error: The sandbox is not in sync with the Podfile.lock. Run 'pod install' or update your CocoaPods installation.\" >&2\n    exit 1\nfi\n# This output is used by Xcode 'outputs' to avoid re-running this script phase.\necho \"SUCCESS\" > \"${SCRIPT_OUTPUT_FILE_0}\"\n";
			showEnvVarsInLog = 0;
		};
		55B18C97944854C4C69746BE /* [CP] Copy Pods Resources */ = {
			isa = PBXShellScriptBuildPhase;
			buildActionMask = 2147483647;
			files = (
			);
			inputFileListPaths = (
				"${PODS_ROOT}/Target Support Files/Pods-MapsApp/Pods-MapsApp-resources-${CONFIGURATION}-input-files.xcfilelist",
			);
			name = "[CP] Copy Pods Resources";
			outputFileListPaths = (
				"${PODS_ROOT}/Target Support Files/Pods-MapsApp/Pods-MapsApp-resources-${CONFIGURATION}-output-files.xcfilelist",
			);
			runOnlyForDeploymentPostprocessing = 0;
			shellPath = /bin/sh;
			shellScript = "\"${PODS_ROOT}/Target Support Files/Pods-MapsApp/Pods-MapsApp-resources.sh\"\n";
			showEnvVarsInLog = 0;
		};
		67E6A55CDB550774E02BD917 /* [CP] Check Pods Manifest.lock */ = {
			isa = PBXShellScriptBuildPhase;
			buildActionMask = 2147483647;
			files = (
			);
			inputFileListPaths = (
			);
			inputPaths = (
				"${PODS_PODFILE_DIR_PATH}/Podfile.lock",
				"${PODS_ROOT}/Manifest.lock",
			);
			name = "[CP] Check Pods Manifest.lock";
			outputFileListPaths = (
			);
			outputPaths = (
				"$(DERIVED_FILE_DIR)/Pods-MapsAppTests-checkManifestLockResult.txt",
			);
			runOnlyForDeploymentPostprocessing = 0;
			shellPath = /bin/sh;
			shellScript = "diff \"${PODS_PODFILE_DIR_PATH}/Podfile.lock\" \"${PODS_ROOT}/Manifest.lock\" > /dev/null\nif [ $? != 0 ] ; then\n    # print error to STDERR\n    echo \"error: The sandbox is not in sync with the Podfile.lock. Run 'pod install' or update your CocoaPods installation.\" >&2\n    exit 1\nfi\n# This output is used by Xcode 'outputs' to avoid re-running this script phase.\necho \"SUCCESS\" > \"${SCRIPT_OUTPUT_FILE_0}\"\n";
			showEnvVarsInLog = 0;
		};
		A4155BF4C73810B54C555D2A /* [CP] Check Pods Manifest.lock */ = {
			isa = PBXShellScriptBuildPhase;
			buildActionMask = 2147483647;
			files = (
			);
			inputFileListPaths = (
			);
			inputPaths = (
				"${PODS_PODFILE_DIR_PATH}/Podfile.lock",
				"${PODS_ROOT}/Manifest.lock",
			);
			name = "[CP] Check Pods Manifest.lock";
			outputFileListPaths = (
			);
			outputPaths = (
				"$(DERIVED_FILE_DIR)/Pods-MapsApp-MapsAppUITests-checkManifestLockResult.txt",
			);
			runOnlyForDeploymentPostprocessing = 0;
			shellPath = /bin/sh;
			shellScript = "diff \"${PODS_PODFILE_DIR_PATH}/Podfile.lock\" \"${PODS_ROOT}/Manifest.lock\" > /dev/null\nif [ $? != 0 ] ; then\n    # print error to STDERR\n    echo \"error: The sandbox is not in sync with the Podfile.lock. Run 'pod install' or update your CocoaPods installation.\" >&2\n    exit 1\nfi\n# This output is used by Xcode 'outputs' to avoid re-running this script phase.\necho \"SUCCESS\" > \"${SCRIPT_OUTPUT_FILE_0}\"\n";
			showEnvVarsInLog = 0;
		};
		D9FEB57721313772C7CA5C70 /* [CP] Copy Pods Resources */ = {
			isa = PBXShellScriptBuildPhase;
			buildActionMask = 2147483647;
			files = (
			);
			inputFileListPaths = (
				"${PODS_ROOT}/Target Support Files/Pods-MapsApp-MapsAppUITests/Pods-MapsApp-MapsAppUITests-resources-${CONFIGURATION}-input-files.xcfilelist",
			);
			name = "[CP] Copy Pods Resources";
			outputFileListPaths = (
				"${PODS_ROOT}/Target Support Files/Pods-MapsApp-MapsAppUITests/Pods-MapsApp-MapsAppUITests-resources-${CONFIGURATION}-output-files.xcfilelist",
			);
			runOnlyForDeploymentPostprocessing = 0;
			shellPath = /bin/sh;
			shellScript = "\"${PODS_ROOT}/Target Support Files/Pods-MapsApp-MapsAppUITests/Pods-MapsApp-MapsAppUITests-resources.sh\"\n";
			showEnvVarsInLog = 0;
		};
		E9AA95E15FF6F890FB1A9F86 /* [CP] Embed Pods Frameworks */ = {
			isa = PBXShellScriptBuildPhase;
			buildActionMask = 2147483647;
			files = (
			);
			inputFileListPaths = (
				"${PODS_ROOT}/Target Support Files/Pods-MapsApp/Pods-MapsApp-frameworks-${CONFIGURATION}-input-files.xcfilelist",
			);
			name = "[CP] Embed Pods Frameworks";
			outputFileListPaths = (
				"${PODS_ROOT}/Target Support Files/Pods-MapsApp/Pods-MapsApp-frameworks-${CONFIGURATION}-output-files.xcfilelist",
			);
			runOnlyForDeploymentPostprocessing = 0;
			shellPath = /bin/sh;
			shellScript = "\"${PODS_ROOT}/Target Support Files/Pods-MapsApp/Pods-MapsApp-frameworks.sh\"\n";
			showEnvVarsInLog = 0;
		};
/* End PBXShellScriptBuildPhase section */

/* Begin PBXSourcesBuildPhase section */
		3F59A427255FDB210099D3E5 /* Sources */ = {
			isa = PBXSourcesBuildPhase;
			buildActionMask = 2147483647;
			files = (
				3FF744DC25611F9800F8B7B1 /* Multidelegat.swift in Sources */,
				3F840F03255FDDA600F0557B /* MapViewController.swift in Sources */,
				3F7C182F2562861600B778FC /* GMSMapView+Extension.swift in Sources */,
				3FF744C425601B6300F8B7B1 /* MapClusterIconGenerator.swift in Sources */,
				3FF744D425611CE400F8B7B1 /* CustomMarker.swift in Sources */,
				3FF744CC25611C1F00F8B7B1 /* UIView+Extension.swift in Sources */,
				3F59A42F255FDB210099D3E5 /* AppDelegate.swift in Sources */,
			);
			runOnlyForDeploymentPostprocessing = 0;
		};
		3F59A43D255FDB260099D3E5 /* Sources */ = {
			isa = PBXSourcesBuildPhase;
			buildActionMask = 2147483647;
			files = (
				3F59A446255FDB260099D3E5 /* MapsAppTests.swift in Sources */,
			);
			runOnlyForDeploymentPostprocessing = 0;
		};
		3F59A448255FDB260099D3E5 /* Sources */ = {
			isa = PBXSourcesBuildPhase;
			buildActionMask = 2147483647;
			files = (
				3F59A451255FDB260099D3E5 /* MapsAppUITests.swift in Sources */,
			);
			runOnlyForDeploymentPostprocessing = 0;
		};
/* End PBXSourcesBuildPhase section */

/* Begin PBXTargetDependency section */
		3F59A443255FDB260099D3E5 /* PBXTargetDependency */ = {
			isa = PBXTargetDependency;
			target = 3F59A42A255FDB210099D3E5 /* MapsApp */;
			targetProxy = 3F59A442255FDB260099D3E5 /* PBXContainerItemProxy */;
		};
		3F59A44E255FDB260099D3E5 /* PBXTargetDependency */ = {
			isa = PBXTargetDependency;
			target = 3F59A42A255FDB210099D3E5 /* MapsApp */;
			targetProxy = 3F59A44D255FDB260099D3E5 /* PBXContainerItemProxy */;
		};
/* End PBXTargetDependency section */

/* Begin PBXVariantGroup section */
		3F59A434255FDB210099D3E5 /* Main.storyboard */ = {
			isa = PBXVariantGroup;
			children = (
				3F59A435255FDB210099D3E5 /* Base */,
			);
			name = Main.storyboard;
			sourceTree = "<group>";
		};
		3F59A439255FDB260099D3E5 /* LaunchScreen.storyboard */ = {
			isa = PBXVariantGroup;
			children = (
				3F59A43A255FDB260099D3E5 /* Base */,
			);
			name = LaunchScreen.storyboard;
			sourceTree = "<group>";
		};
/* End PBXVariantGroup section */

/* Begin XCBuildConfiguration section */
		3F59A453255FDB260099D3E5 /* Debug */ = {
			isa = XCBuildConfiguration;
			buildSettings = {
				ALWAYS_SEARCH_USER_PATHS = NO;
				CLANG_ANALYZER_NONNULL = YES;
				CLANG_ANALYZER_NUMBER_OBJECT_CONVERSION = YES_AGGRESSIVE;
				CLANG_CXX_LANGUAGE_STANDARD = "gnu++14";
				CLANG_CXX_LIBRARY = "libc++";
				CLANG_ENABLE_MODULES = YES;
				CLANG_ENABLE_OBJC_ARC = YES;
				CLANG_ENABLE_OBJC_WEAK = YES;
				CLANG_WARN_BLOCK_CAPTURE_AUTORELEASING = YES;
				CLANG_WARN_BOOL_CONVERSION = YES;
				CLANG_WARN_COMMA = YES;
				CLANG_WARN_CONSTANT_CONVERSION = YES;
				CLANG_WARN_DEPRECATED_OBJC_IMPLEMENTATIONS = YES;
				CLANG_WARN_DIRECT_OBJC_ISA_USAGE = YES_ERROR;
				CLANG_WARN_DOCUMENTATION_COMMENTS = YES;
				CLANG_WARN_EMPTY_BODY = YES;
				CLANG_WARN_ENUM_CONVERSION = YES;
				CLANG_WARN_INFINITE_RECURSION = YES;
				CLANG_WARN_INT_CONVERSION = YES;
				CLANG_WARN_NON_LITERAL_NULL_CONVERSION = YES;
				CLANG_WARN_OBJC_IMPLICIT_RETAIN_SELF = YES;
				CLANG_WARN_OBJC_LITERAL_CONVERSION = YES;
				CLANG_WARN_OBJC_ROOT_CLASS = YES_ERROR;
				CLANG_WARN_QUOTED_INCLUDE_IN_FRAMEWORK_HEADER = YES;
				CLANG_WARN_RANGE_LOOP_ANALYSIS = YES;
				CLANG_WARN_STRICT_PROTOTYPES = YES;
				CLANG_WARN_SUSPICIOUS_MOVE = YES;
				CLANG_WARN_UNGUARDED_AVAILABILITY = YES_AGGRESSIVE;
				CLANG_WARN_UNREACHABLE_CODE = YES;
				CLANG_WARN__DUPLICATE_METHOD_MATCH = YES;
				COPY_PHASE_STRIP = NO;
				DEBUG_INFORMATION_FORMAT = dwarf;
				ENABLE_STRICT_OBJC_MSGSEND = YES;
				ENABLE_TESTABILITY = YES;
				GCC_C_LANGUAGE_STANDARD = gnu11;
				GCC_DYNAMIC_NO_PIC = NO;
				GCC_NO_COMMON_BLOCKS = YES;
				GCC_OPTIMIZATION_LEVEL = 0;
				GCC_PREPROCESSOR_DEFINITIONS = (
					"DEBUG=1",
					"$(inherited)",
				);
				GCC_WARN_64_TO_32_BIT_CONVERSION = YES;
				GCC_WARN_ABOUT_RETURN_TYPE = YES_ERROR;
				GCC_WARN_UNDECLARED_SELECTOR = YES;
				GCC_WARN_UNINITIALIZED_AUTOS = YES_AGGRESSIVE;
				GCC_WARN_UNUSED_FUNCTION = YES;
				GCC_WARN_UNUSED_VARIABLE = YES;
				IPHONEOS_DEPLOYMENT_TARGET = 14.1;
				MTL_ENABLE_DEBUG_INFO = INCLUDE_SOURCE;
				MTL_FAST_MATH = YES;
				ONLY_ACTIVE_ARCH = YES;
				SDKROOT = iphoneos;
				SWIFT_ACTIVE_COMPILATION_CONDITIONS = DEBUG;
				SWIFT_OPTIMIZATION_LEVEL = "-Onone";
			};
			name = Debug;
		};
		3F59A454255FDB260099D3E5 /* Release */ = {
			isa = XCBuildConfiguration;
			buildSettings = {
				ALWAYS_SEARCH_USER_PATHS = NO;
				CLANG_ANALYZER_NONNULL = YES;
				CLANG_ANALYZER_NUMBER_OBJECT_CONVERSION = YES_AGGRESSIVE;
				CLANG_CXX_LANGUAGE_STANDARD = "gnu++14";
				CLANG_CXX_LIBRARY = "libc++";
				CLANG_ENABLE_MODULES = YES;
				CLANG_ENABLE_OBJC_ARC = YES;
				CLANG_ENABLE_OBJC_WEAK = YES;
				CLANG_WARN_BLOCK_CAPTURE_AUTORELEASING = YES;
				CLANG_WARN_BOOL_CONVERSION = YES;
				CLANG_WARN_COMMA = YES;
				CLANG_WARN_CONSTANT_CONVERSION = YES;
				CLANG_WARN_DEPRECATED_OBJC_IMPLEMENTATIONS = YES;
				CLANG_WARN_DIRECT_OBJC_ISA_USAGE = YES_ERROR;
				CLANG_WARN_DOCUMENTATION_COMMENTS = YES;
				CLANG_WARN_EMPTY_BODY = YES;
				CLANG_WARN_ENUM_CONVERSION = YES;
				CLANG_WARN_INFINITE_RECURSION = YES;
				CLANG_WARN_INT_CONVERSION = YES;
				CLANG_WARN_NON_LITERAL_NULL_CONVERSION = YES;
				CLANG_WARN_OBJC_IMPLICIT_RETAIN_SELF = YES;
				CLANG_WARN_OBJC_LITERAL_CONVERSION = YES;
				CLANG_WARN_OBJC_ROOT_CLASS = YES_ERROR;
				CLANG_WARN_QUOTED_INCLUDE_IN_FRAMEWORK_HEADER = YES;
				CLANG_WARN_RANGE_LOOP_ANALYSIS = YES;
				CLANG_WARN_STRICT_PROTOTYPES = YES;
				CLANG_WARN_SUSPICIOUS_MOVE = YES;
				CLANG_WARN_UNGUARDED_AVAILABILITY = YES_AGGRESSIVE;
				CLANG_WARN_UNREACHABLE_CODE = YES;
				CLANG_WARN__DUPLICATE_METHOD_MATCH = YES;
				COPY_PHASE_STRIP = NO;
				DEBUG_INFORMATION_FORMAT = "dwarf-with-dsym";
				ENABLE_NS_ASSERTIONS = NO;
				ENABLE_STRICT_OBJC_MSGSEND = YES;
				GCC_C_LANGUAGE_STANDARD = gnu11;
				GCC_NO_COMMON_BLOCKS = YES;
				GCC_WARN_64_TO_32_BIT_CONVERSION = YES;
				GCC_WARN_ABOUT_RETURN_TYPE = YES_ERROR;
				GCC_WARN_UNDECLARED_SELECTOR = YES;
				GCC_WARN_UNINITIALIZED_AUTOS = YES_AGGRESSIVE;
				GCC_WARN_UNUSED_FUNCTION = YES;
				GCC_WARN_UNUSED_VARIABLE = YES;
				IPHONEOS_DEPLOYMENT_TARGET = 14.1;
				MTL_ENABLE_DEBUG_INFO = NO;
				MTL_FAST_MATH = YES;
				SDKROOT = iphoneos;
				SWIFT_COMPILATION_MODE = wholemodule;
				SWIFT_OPTIMIZATION_LEVEL = "-O";
				VALIDATE_PRODUCT = YES;
			};
			name = Release;
		};
		3F59A456255FDB260099D3E5 /* Debug */ = {
			isa = XCBuildConfiguration;
			baseConfigurationReference = ED50452DCDA2349F1FF6F7D6 /* Pods-MapsApp.debug.xcconfig */;
			buildSettings = {
				ASSETCATALOG_COMPILER_APPICON_NAME = AppIcon;
				ASSETCATALOG_COMPILER_GLOBAL_ACCENT_COLOR_NAME = AccentColor;
				CODE_SIGN_STYLE = Automatic;
				DEVELOPMENT_TEAM = YM3NBJ97S4;
				INFOPLIST_FILE = MapsApp/Info.plist;
				LD_RUNPATH_SEARCH_PATHS = (
					"$(inherited)",
					"@executable_path/Frameworks",
				);
				PRODUCT_BUNDLE_IDENTIFIER = Qastell.MapsApp;
				PRODUCT_NAME = "$(TARGET_NAME)";
				SWIFT_VERSION = 5.0;
				TARGETED_DEVICE_FAMILY = "1,2";
			};
			name = Debug;
		};
		3F59A457255FDB260099D3E5 /* Release */ = {
			isa = XCBuildConfiguration;
			baseConfigurationReference = 835F8DE641140BAF29BA0608 /* Pods-MapsApp.release.xcconfig */;
			buildSettings = {
				ASSETCATALOG_COMPILER_APPICON_NAME = AppIcon;
				ASSETCATALOG_COMPILER_GLOBAL_ACCENT_COLOR_NAME = AccentColor;
				CODE_SIGN_STYLE = Automatic;
				DEVELOPMENT_TEAM = YM3NBJ97S4;
				INFOPLIST_FILE = MapsApp/Info.plist;
				LD_RUNPATH_SEARCH_PATHS = (
					"$(inherited)",
					"@executable_path/Frameworks",
				);
				PRODUCT_BUNDLE_IDENTIFIER = Qastell.MapsApp;
				PRODUCT_NAME = "$(TARGET_NAME)";
				SWIFT_VERSION = 5.0;
				TARGETED_DEVICE_FAMILY = "1,2";
			};
			name = Release;
		};
		3F59A459255FDB260099D3E5 /* Debug */ = {
			isa = XCBuildConfiguration;
			baseConfigurationReference = D37FF4D8DD46349066ECEAB1 /* Pods-MapsAppTests.debug.xcconfig */;
			buildSettings = {
				ALWAYS_EMBED_SWIFT_STANDARD_LIBRARIES = YES;
				BUNDLE_LOADER = "$(TEST_HOST)";
				CODE_SIGN_STYLE = Automatic;
				DEVELOPMENT_TEAM = YM3NBJ97S4;
				INFOPLIST_FILE = MapsAppTests/Info.plist;
				IPHONEOS_DEPLOYMENT_TARGET = 14.1;
				LD_RUNPATH_SEARCH_PATHS = (
					"$(inherited)",
					"@executable_path/Frameworks",
					"@loader_path/Frameworks",
				);
				PRODUCT_BUNDLE_IDENTIFIER = Qastell.MapsAppTests;
				PRODUCT_NAME = "$(TARGET_NAME)";
				SWIFT_VERSION = 5.0;
				TARGETED_DEVICE_FAMILY = "1,2";
				TEST_HOST = "$(BUILT_PRODUCTS_DIR)/MapsApp.app/MapsApp";
			};
			name = Debug;
		};
		3F59A45A255FDB260099D3E5 /* Release */ = {
			isa = XCBuildConfiguration;
			baseConfigurationReference = 5779FBFED34F2842CD1A2F41 /* Pods-MapsAppTests.release.xcconfig */;
			buildSettings = {
				ALWAYS_EMBED_SWIFT_STANDARD_LIBRARIES = YES;
				BUNDLE_LOADER = "$(TEST_HOST)";
				CODE_SIGN_STYLE = Automatic;
				DEVELOPMENT_TEAM = YM3NBJ97S4;
				INFOPLIST_FILE = MapsAppTests/Info.plist;
				IPHONEOS_DEPLOYMENT_TARGET = 14.1;
				LD_RUNPATH_SEARCH_PATHS = (
					"$(inherited)",
					"@executable_path/Frameworks",
					"@loader_path/Frameworks",
				);
				PRODUCT_BUNDLE_IDENTIFIER = Qastell.MapsAppTests;
				PRODUCT_NAME = "$(TARGET_NAME)";
				SWIFT_VERSION = 5.0;
				TARGETED_DEVICE_FAMILY = "1,2";
				TEST_HOST = "$(BUILT_PRODUCTS_DIR)/MapsApp.app/MapsApp";
			};
			name = Release;
		};
		3F59A45C255FDB260099D3E5 /* Debug */ = {
			isa = XCBuildConfiguration;
			baseConfigurationReference = 7C411F51E516BA8F258F0A46 /* Pods-MapsApp-MapsAppUITests.debug.xcconfig */;
			buildSettings = {
				ALWAYS_EMBED_SWIFT_STANDARD_LIBRARIES = YES;
				CODE_SIGN_STYLE = Automatic;
				DEVELOPMENT_TEAM = YM3NBJ97S4;
				INFOPLIST_FILE = MapsAppUITests/Info.plist;
				LD_RUNPATH_SEARCH_PATHS = (
					"$(inherited)",
					"@executable_path/Frameworks",
					"@loader_path/Frameworks",
				);
				PRODUCT_BUNDLE_IDENTIFIER = Qastell.MapsAppUITests;
				PRODUCT_NAME = "$(TARGET_NAME)";
				SWIFT_VERSION = 5.0;
				TARGETED_DEVICE_FAMILY = "1,2";
				TEST_TARGET_NAME = MapsApp;
			};
			name = Debug;
		};
		3F59A45D255FDB260099D3E5 /* Release */ = {
			isa = XCBuildConfiguration;
			baseConfigurationReference = 81B4179A8C8EF77EAC15852C /* Pods-MapsApp-MapsAppUITests.release.xcconfig */;
			buildSettings = {
				ALWAYS_EMBED_SWIFT_STANDARD_LIBRARIES = YES;
				CODE_SIGN_STYLE = Automatic;
				DEVELOPMENT_TEAM = YM3NBJ97S4;
				INFOPLIST_FILE = MapsAppUITests/Info.plist;
				LD_RUNPATH_SEARCH_PATHS = (
					"$(inherited)",
					"@executable_path/Frameworks",
					"@loader_path/Frameworks",
				);
				PRODUCT_BUNDLE_IDENTIFIER = Qastell.MapsAppUITests;
				PRODUCT_NAME = "$(TARGET_NAME)";
				SWIFT_VERSION = 5.0;
				TARGETED_DEVICE_FAMILY = "1,2";
				TEST_TARGET_NAME = MapsApp;
			};
			name = Release;
		};
/* End XCBuildConfiguration section */

/* Begin XCConfigurationList section */
		3F59A426255FDB210099D3E5 /* Build configuration list for PBXProject "MapsApp" */ = {
			isa = XCConfigurationList;
			buildConfigurations = (
				3F59A453255FDB260099D3E5 /* Debug */,
				3F59A454255FDB260099D3E5 /* Release */,
			);
			defaultConfigurationIsVisible = 0;
			defaultConfigurationName = Release;
		};
		3F59A455255FDB260099D3E5 /* Build configuration list for PBXNativeTarget "MapsApp" */ = {
			isa = XCConfigurationList;
			buildConfigurations = (
				3F59A456255FDB260099D3E5 /* Debug */,
				3F59A457255FDB260099D3E5 /* Release */,
			);
			defaultConfigurationIsVisible = 0;
			defaultConfigurationName = Release;
		};
		3F59A458255FDB260099D3E5 /* Build configuration list for PBXNativeTarget "MapsAppTests" */ = {
			isa = XCConfigurationList;
			buildConfigurations = (
				3F59A459255FDB260099D3E5 /* Debug */,
				3F59A45A255FDB260099D3E5 /* Release */,
			);
			defaultConfigurationIsVisible = 0;
			defaultConfigurationName = Release;
		};
		3F59A45B255FDB260099D3E5 /* Build configuration list for PBXNativeTarget "MapsAppUITests" */ = {
			isa = XCConfigurationList;
			buildConfigurations = (
				3F59A45C255FDB260099D3E5 /* Debug */,
				3F59A45D255FDB260099D3E5 /* Release */,
			);
			defaultConfigurationIsVisible = 0;
			defaultConfigurationName = Release;
		};
/* End XCConfigurationList section */
	};
	rootObject = 3F59A423255FDB210099D3E5 /* Project object */;
}
